
Microsoft Visual Studio Solution File, Format Version 12.00
# Visual Studio Version 17
VisualStudioVersion = 17.2.32526.322
MinimumVisualStudioVersion = 10.0.40219.1
Project("{FAE04EC0-301F-11D3-BF4B-00C04F79EFBC}") = "index", "index\index.csproj", "{B9791CC6-F807-454F-B1AA-AFC3843BB5B9}"
EndProject
Project("{2150E333-8FDC-42A3-9474-1A3956D46DE8}") = "Elementy rozwiązania", "Elementy rozwiązania", "{7E97FFE4-A4CD-4862-9A28-B368BD792FD3}"
EndProject
Global
	GlobalSection(SolutionConfigurationPlatforms) = preSolution
		Debug|Any CPU = Debug|Any CPU
		Release|Any CPU = Release|Any CPU
	EndGlobalSection
	GlobalSection(ProjectConfigurationPlatforms) = postSolution
		{B9791CC6-F807-454F-B1AA-AFC3843BB5B9}.Debug|Any CPU.ActiveCfg = Debug|Any CPU
		{B9791CC6-F807-454F-B1AA-AFC3843BB5B9}.Debug|Any CPU.Build.0 = Debug|Any CPU
		{B9791CC6-F807-454F-B1AA-AFC3843BB5B9}.Release|Any CPU.ActiveCfg = Release|Any CPU
		{B9791CC6-F807-454F-B1AA-AFC3843BB5B9}.Release|Any CPU.Build.0 = Release|Any CPU
	EndGlobalSection
	GlobalSection(SolutionProperties) = preSolution
		HideSolutionNode = FALSE
	EndGlobalSection
	GlobalSection(ExtensibilityGlobals) = postSolution
		SolutionGuid = {D5D9CF2F-139D-44BE-95CA-C33023B72FD6}
	EndGlobalSection
EndGlobal
